github.com/decred/dcrd/crypto/blake256 v1.0.0/go.mod h1:sQl2p6Y26YV+ZOcSTP6thNdn47hh8kt6rqSlvmrXFAc=
github.com/decred/dcrd/dcrec/secp256k1/v4 v4.0.1 h1:YLtO71vCjJRCBcrPMtQ9nqBsqpA1m5sE92cU+pd5Mcc=
github.com/decred/dcrd/dcrec/secp256k1/v4 v4.0.1/go.mod h1:hyedUtir6IdtD/7lIxGeCxkaw7y45JueMRL4DIyJDKs=
github.com/hashicorp/golang-lru v0.5.4 h1:YDjusn29QI/Das2iO9M0BHnIbxPeyuCHsjMW+lJfyTc=
github.com/hashicorp/golang-lru v0.5.4/go.mod h1:iADmTwqILo4mZ8BN3D2Q6+9jd8WM5uGBxy+E8yxSoD4=
github.com/mr-tron/base58 v1.2.0 h1:T/HDJBh4ZCPbU39/+c3rRvE0uKBQlU27+QI8LJ4t64o=
github.com/mr-tron/base58 v1.2.0/go.mod h1:BinMc/sQntlIE1frQmRFPUoPA1Zkr8VRgBdjWI2mNwc=
github.com/nspcc-dev/neo-go v0.101.4 h1:D1+Y9n+Vl+puIknmMePfIVfQUL4iOVvDEw3ynnhIkTk=
github.com/nspcc-dev/neo-go v0.101.4/go.mod h1:LrGI4Bo5cliV9G2UPgQvjsLW+GpD7mswelcmVJjvR6M=
github.com/nspcc-dev/neo-go/examples/token v0.0.0-20230818182456-227b0c5480a1 h1:Z38RsbeVfJTvKYhVHovL465pzLnXvD5Vcw3JW55Ylps=
github.com/nspcc-dev/neo-go/examples/token v0.0.0-20230818182456-227b0c5480a1/go.mod h1:z9h/L0pM5sm7jbDjH75HSVTyMk82QJS6r5P68ZlyjjQ=
github.com/nspcc-dev/neo-go/pkg/interop v0.0.0-20230818182456-227b0c5480a1 h1:Twge0Ja3fgR2vIM2+5sj5V3wh5+ej03jSkSIS+ilvUU=
github.com/nspcc-dev/neo-go/pkg/interop v0.0.0-20230818182456-227b0c5480a1/go.mod h1:ZUuXOkdtHZgaC13za/zMgXfQFncZ0jLzfQTe+OsDOtg=
github.com/nspcc-dev/rfc6979 v0.2.0 h1:3e1WNxrN60/6N0DW7+UYisLeZJyfqZTNOjeV/toYvOE=
github.com/nspcc-dev/rfc6979 v0.2.0/go.mod h1:exhIh1PdpDC5vQmyEsGvc4YDM/lyQp/452QxGq/UEso=
golang.org/x/crypto v0.4.0 h1:UVQgzMY87xqpKNgb+kDsll2Igd33HszWHFLmpaRMq/8=
golang.org/x/crypto v0.4.0/go.mod h1:3quD/ATkf6oY+rnes5c3ExXTbLc8mueNue5/DoinL80=
golang.org/x/text v0.7.0 h1:4BRB4x83lYWy72KwLD/qYDuTu7q9PjSagHvijDw7cLo=
golang.org/x/text v0.7.0/go.mod h1:mrYo+phRRbMaCq/xk9113O4dZlRixOauAjOtrjsXDZ8=
